
Microsoft Visual Studio Solution File, Format Version 12.00
# Visual Studio 15
VisualStudioVersion = 15.0.28307.572
MinimumVisualStudioVersion = 10.0.40219.1
Project("{8BC9CEB8-8B4A-11D0-8D11-00A0C91BC942}") = "SFML_Fuzzy_Logic", "SFML_Fuzzy_Logic\SFML_Fuzzy_Logic.vcxproj", "{CE66091E-49BA-4057-9D29-A998439A93BC}"
EndProject
Global
	GlobalSection(SolutionConfigurationPlatforms) = preSolution
		Debug|x64 = Debug|x64
		Debug|x86 = Debug|x86
		Release|x64 = Release|x64
		Release|x86 = Release|x86
	EndGlobalSection
	GlobalSection(ProjectConfigurationPlatforms) = postSolution
		{CE66091E-49BA-4057-9D29-A998439A93BC}.Debug|x64.ActiveCfg = Debug|x64
		{CE66091E-49BA-4057-9D29-A998439A93BC}.Debug|x64.Build.0 = Debug|x64
		{CE66091E-49BA-4057-9D29-A998439A93BC}.Debug|x86.ActiveCfg = Debug|Win32
		{CE66091E-49BA-4057-9D29-A998439A93BC}.Debug|x86.Build.0 = Debug|Win32
		{CE66091E-49BA-4057-9D29-A998439A93BC}.Release|x64.ActiveCfg = Release|x64
		{CE66091E-49BA-4057-9D29-A998439A93BC}.Release|x64.Build.0 = Release|x64
		{CE66091E-49BA-4057-9D29-A998439A93BC}.Release|x86.ActiveCfg = Release|Win32
		{CE66091E-49BA-4057-9D29-A998439A93BC}.Release|x86.Build.0 = Release|Win32
	EndGlobalSection
	GlobalSection(SolutionProperties) = preSolution
		HideSolutionNode = FALSE
	EndGlobalSection
	GlobalSection(ExtensibilityGlobals) = postSolution
		SolutionGuid = {8614DB59-315C-43EC-8FAA-BD47B0B151D5}
	EndGlobalSection
EndGlobal
